
Microsoft Visual Studio Solution File, Format Version 12.00
# Visual Studio Version 17
VisualStudioVersion = 17.14.36429.23 d17.14
MinimumVisualStudioVersion = 10.0.40219.1
Project("{FAE04EC0-301F-11D3-BF4B-00C04F79EFBC}") = "toto_cshap", "toto_cshap\toto_cshap.csproj", "{FCC6DFEF-E53A-49B2-B66A-B8F27024EBFA}"
EndProject
Global
	GlobalSection(SolutionConfigurationPlatforms) = preSolution
		Debug|Any CPU = Debug|Any CPU
		Release|Any CPU = Release|Any CPU
	EndGlobalSection
	GlobalSection(ProjectConfigurationPlatforms) = postSolution
		{FCC6DFEF-E53A-49B2-B66A-B8F27024EBFA}.Debug|Any CPU.ActiveCfg = Debug|Any CPU
		{FCC6DFEF-E53A-49B2-B66A-B8F27024EBFA}.Debug|Any CPU.Build.0 = Debug|Any CPU
		{FCC6DFEF-E53A-49B2-B66A-B8F27024EBFA}.Release|Any CPU.ActiveCfg = Release|Any CPU
		{FCC6DFEF-E53A-49B2-B66A-B8F27024EBFA}.Release|Any CPU.Build.0 = Release|Any CPU
	EndGlobalSection
	GlobalSection(SolutionProperties) = preSolution
		HideSolutionNode = FALSE
	EndGlobalSection
	GlobalSection(ExtensibilityGlobals) = postSolution
		SolutionGuid = {84D4306B-EF8F-4365-B091-57634D4764A7}
	EndGlobalSection
EndGlobal
